
Microsoft Visual Studio Solution File, Format Version 12.00
# Visual Studio 2013
VisualStudioVersion = 12.0.21005.1
MinimumVisualStudioVersion = 10.0.40219.1
Project("{FAE04EC0-301F-11D3-BF4B-00C04F79EFBC}") = "AandB", "AandB\AandB.csproj", "{6C8D6B84-ADD4-4145-801D-1C05B0E90195}"
EndProject
Project("{FAE04EC0-301F-11D3-BF4B-00C04F79EFBC}") = "LinkedList1", "..\LinkedList1\LinkedList1\LinkedList1.csproj", "{FEF42273-5850-4B2D-9B95-1CC225610372}"
EndProject
Project("{FAE04EC0-301F-11D3-BF4B-00C04F79EFBC}") = "ListandLinkedList", "..\Performance of list and LinkedList\ListandLinkedList\ListandLinkedList.csproj", "{14572B14-F0E6-4A48-A259-E3A17D7F2A88}"
EndProject
Project("{FAE04EC0-301F-11D3-BF4B-00C04F79EFBC}") = "Tree", "..\Tree\Tree\Tree.csproj", "{49642EA3-F5B9-467D-ABFC-A5592CDE98BF}"
EndProject
Project("{FAE04EC0-301F-11D3-BF4B-00C04F79EFBC}") = "RemoveString", "..\RemoveString\RemoveString\RemoveString.csproj", "{CE2B1BB7-2CC1-4B3A-B60D-BF91BDA3CDB6}"
EndProject
Global
	GlobalSection(SolutionConfigurationPlatforms) = preSolution
		Debug|Any CPU = Debug|Any CPU
		Release|Any CPU = Release|Any CPU
	EndGlobalSection
	GlobalSection(ProjectConfigurationPlatforms) = postSolution
		{6C8D6B84-ADD4-4145-801D-1C05B0E90195}.Debug|Any CPU.ActiveCfg = Debug|Any CPU
		{6C8D6B84-ADD4-4145-801D-1C05B0E90195}.Debug|Any CPU.Build.0 = Debug|Any CPU
		{6C8D6B84-ADD4-4145-801D-1C05B0E90195}.Release|Any CPU.ActiveCfg = Release|Any CPU
		{6C8D6B84-ADD4-4145-801D-1C05B0E90195}.Release|Any CPU.Build.0 = Release|Any CPU
		{FEF42273-5850-4B2D-9B95-1CC225610372}.Debug|Any CPU.ActiveCfg = Debug|Any CPU
		{FEF42273-5850-4B2D-9B95-1CC225610372}.Debug|Any CPU.Build.0 = Debug|Any CPU
		{FEF42273-5850-4B2D-9B95-1CC225610372}.Release|Any CPU.ActiveCfg = Release|Any CPU
		{FEF42273-5850-4B2D-9B95-1CC225610372}.Release|Any CPU.Build.0 = Release|Any CPU
		{14572B14-F0E6-4A48-A259-E3A17D7F2A88}.Debug|Any CPU.ActiveCfg = Debug|Any CPU
		{14572B14-F0E6-4A48-A259-E3A17D7F2A88}.Debug|Any CPU.Build.0 = Debug|Any CPU
		{14572B14-F0E6-4A48-A259-E3A17D7F2A88}.Release|Any CPU.ActiveCfg = Release|Any CPU
		{14572B14-F0E6-4A48-A259-E3A17D7F2A88}.Release|Any CPU.Build.0 = Release|Any CPU
		{49642EA3-F5B9-467D-ABFC-A5592CDE98BF}.Debug|Any CPU.ActiveCfg = Debug|Any CPU
		{49642EA3-F5B9-467D-ABFC-A5592CDE98BF}.Debug|Any CPU.Build.0 = Debug|Any CPU
		{49642EA3-F5B9-467D-ABFC-A5592CDE98BF}.Release|Any CPU.ActiveCfg = Release|Any CPU
		{49642EA3-F5B9-467D-ABFC-A5592CDE98BF}.Release|Any CPU.Build.0 = Release|Any CPU
		{CE2B1BB7-2CC1-4B3A-B60D-BF91BDA3CDB6}.Debug|Any CPU.ActiveCfg = Debug|Any CPU
		{CE2B1BB7-2CC1-4B3A-B60D-BF91BDA3CDB6}.Debug|Any CPU.Build.0 = Debug|Any CPU
		{CE2B1BB7-2CC1-4B3A-B60D-BF91BDA3CDB6}.Release|Any CPU.ActiveCfg = Release|Any CPU
		{CE2B1BB7-2CC1-4B3A-B60D-BF91BDA3CDB6}.Release|Any CPU.Build.0 = Release|Any CPU
	EndGlobalSection
	GlobalSection(SolutionProperties) = preSolution
		HideSolutionNode = FALSE
	EndGlobalSection
EndGlobal
